
Microsoft Visual Studio Solution File, Format Version 12.00
# Visual Studio Version 17
VisualStudioVersion = 17.5.002.0
MinimumVisualStudioVersion = 10.0.40219.1
Project("{9A19103F-16F7-4668-BE54-9A1E7A4F7556}") = "semaphore", "semaphore.csproj", "{E542CED5-BEC8-412C-B6F8-A8E149F1723C}"
EndProject
Global
	GlobalSection(SolutionConfigurationPlatforms) = preSolution
		Debug|Any CPU = Debug|Any CPU
		Release|Any CPU = Release|Any CPU
	EndGlobalSection
	GlobalSection(ProjectConfigurationPlatforms) = postSolution
		{E542CED5-BEC8-412C-B6F8-A8E149F1723C}.Debug|Any CPU.ActiveCfg = Debug|Any CPU
		{E542CED5-BEC8-412C-B6F8-A8E149F1723C}.Debug|Any CPU.Build.0 = Debug|Any CPU
		{E542CED5-BEC8-412C-B6F8-A8E149F1723C}.Release|Any CPU.ActiveCfg = Release|Any CPU
		{E542CED5-BEC8-412C-B6F8-A8E149F1723C}.Release|Any CPU.Build.0 = Release|Any CPU
	EndGlobalSection
	GlobalSection(SolutionProperties) = preSolution
		HideSolutionNode = FALSE
	EndGlobalSection
	GlobalSection(ExtensibilityGlobals) = postSolution
		SolutionGuid = {54563745-662A-410D-9CFC-02D95BB3B443}
	EndGlobalSection
EndGlobal
